
Microsoft Visual Studio Solution File, Format Version 12.00
# Visual Studio Version 17
VisualStudioVersion = 17.0.32014.148
MinimumVisualStudioVersion = 10.0.40219.1
Project("{FAE04EC0-301F-11D3-BF4B-00C04F79EFBC}") = "AbstractComponentWithCascadingSelf", "AbstractComponentWithCascadingSelf\AbstractComponentWithCascadingSelf.csproj", "{CC4C6DBE-3233-4482-AC20-2FDA178EE827}"
EndProject
Global
	GlobalSection(SolutionConfigurationPlatforms) = preSolution
		Debug|Any CPU = Debug|Any CPU
		Release|Any CPU = Release|Any CPU
	EndGlobalSection
	GlobalSection(ProjectConfigurationPlatforms) = postSolution
		{CC4C6DBE-3233-4482-AC20-2FDA178EE827}.Debug|Any CPU.ActiveCfg = Debug|Any CPU
		{CC4C6DBE-3233-4482-AC20-2FDA178EE827}.Debug|Any CPU.Build.0 = Debug|Any CPU
		{CC4C6DBE-3233-4482-AC20-2FDA178EE827}.Release|Any CPU.ActiveCfg = Release|Any CPU
		{CC4C6DBE-3233-4482-AC20-2FDA178EE827}.Release|Any CPU.Build.0 = Release|Any CPU
	EndGlobalSection
	GlobalSection(SolutionProperties) = preSolution
		HideSolutionNode = FALSE
	EndGlobalSection
	GlobalSection(ExtensibilityGlobals) = postSolution
		SolutionGuid = {FB8A5E41-ABBB-4CB5-B2B9-F675ED2667B4}
	EndGlobalSection
EndGlobal
